{
  "requires": true,
  "lockfileVersion": 1,
  "dependencies": {
    "generate-js": {
      "version": "3.1.2",
      "resolved": "https://registry.npmjs.org/generate-js/-/generate-js-3.1.2.tgz",
      "integrity": "sha1-Jf+N1MOAkKk49kiIfVNrrUa0e2I="
    },
    "secure-web-storage": {
      "version": "1.0.2",
      "resolved": "https://registry.npmjs.org/secure-web-storage/-/secure-web-storage-1.0.2.tgz",
      "integrity": "sha1-cwnDXDaF8KnmOoxJZMbs3A+Dg5w=",
      "requires": {
        "generate-js": "^3.1.2"
      }
    }
  }
}
